<?xml version="1.0" encoding="utf-8"?>
<Project ToolsVersion="4.0" xmlns="http://schemas.microsoft.com/developer/msbuild/2003">
  <ItemGroup>
    <Filter Include="Source Files">
      <UniqueIdentifier>{4FC737F1-C7A5-4376-A066-2A32D752A2FF}</UniqueIdentifier>
      <Extensions>qml;cpp;c;cc;cxx;def;odl;idl;hpj;bat;asm;asmx</Extensions>
    </Filter>
    <Filter Include="Header Files">
      <UniqueIdentifier>{93995380-89BD-4b04-88EB-625FBE52EBFB}</UniqueIdentifier>
      <Extensions>h;hh;hpp;hxx;hm;inl;inc;xsd</Extensions>
    </Filter>
    <Filter Include="Resource Files">
      <UniqueIdentifier>{67DA6AB6-F800-4c08-8B7A-83BB121AAD01}</UniqueIdentifier>
      <Extensions>qrc;rc;ico;cur;bmp;dlg;rc2;rct;bin;rgs;gif;jpg;jpeg;jpe;resx;tiff;tif;png;wav;mfcribbon-ms</Extensions>
    </Filter>
    <Filter Include="Form Files">
      <UniqueIdentifier>{99349809-55BA-4b9d-BF79-8FDBB0286EB3}</UniqueIdentifier>
      <Extensions>ui</Extensions>
    </Filter>
    <Filter Include="Translation Files">
      <UniqueIdentifier>{639EADAA-A684-42e4-A9AD-28FC9BCB8F7C}</UniqueIdentifier>
      <Extensions>ts</Extensions>
    </Filter>
  </ItemGroup>
  <ItemGroup>
    <QtRcc Include="QtWidgetsApplication1.qrc">
      <Filter>Resource Files</Filter>
    </QtRcc>
    <QtUic Include="QtWidgetsApplication1.ui">
      <Filter>Form Files</Filter>
    </QtUic>
    <QtMoc Include="QtWidgetsApplication1.h">
      <Filter>Header Files</Filter>
    </QtMoc>
    <ClCompile Include="QtWidgetsApplication1.cpp">
      <Filter>Source Files</Filter>
    </ClCompile>
  </ItemGroup>
  <ItemGroup>
    <ClCompile Include="main.cpp">
      <Filter>Source Files</Filter>
    </ClCompile>
    <ClCompile Include="Console.cpp">
      <Filter>Source Files</Filter>
    </ClCompile>
    <ClCompile Include="Controller.cpp">
      <Filter>Source Files</Filter>
    </ClCompile>
    <ClCompile Include="Domain.cpp">
      <Filter>Source Files</Filter>
    </ClCompile>
    <ClCompile Include="Repository.cpp">
      <Filter>Source Files</Filter>
    </ClCompile>
    <ClCompile Include="Validator.cpp">
      <Filter>Source Files</Filter>
    </ClCompile>
    <ClCompile Include="PlanifActivitatiGUI.cpp">
      <Filter>Source Files</Filter>
    </ClCompile>
    <ClCompile Include="Observer.cpp">
      <Filter>Source Files</Filter>
    </ClCompile>
    <ClCompile Include="TableModel.cpp">
      <Filter>Source Files</Filter>
    </ClCompile>
    <ClCompile Include="ListModel.cpp">
      <Filter>Source Files</Filter>
    </ClCompile>
  </ItemGroup>
  <ItemGroup>
    <None Include="act_plan.csv">
      <Filter>Source Files</Filter>
    </None>
    <None Include="act_plan.html">
      <Filter>Source Files</Filter>
    </None>
    <None Include="fiser_test.csv">
      <Filter>Source Files</Filter>
    </None>
    <None Include="fisier_test.html">
      <Filter>Source Files</Filter>
    </None>
  </ItemGroup>
  <ItemGroup>
    <Text Include="act_test.txt">
      <Filter>Source Files</Filter>
    </Text>
    <Text Include="activitati.txt">
      <Filter>Source Files</Filter>
    </Text>
  </ItemGroup>
  <ItemGroup>
    <ClInclude Include="Console.h">
      <Filter>Source Files</Filter>
    </ClInclude>
    <ClInclude Include="Controller.h">
      <Filter>Source Files</Filter>
    </ClInclude>
    <ClInclude Include="Domain.h">
      <Filter>Source Files</Filter>
    </ClInclude>
    <ClInclude Include="Repository.h">
      <Filter>Source Files</Filter>
    </ClInclude>
    <ClInclude Include="Undo.h">
      <Filter>Source Files</Filter>
    </ClInclude>
    <ClInclude Include="Validator.h">
      <Filter>Source Files</Filter>
    </ClInclude>
    <ClInclude Include="PlanifActivitatiGUI.h">
      <Filter>Source Files</Filter>
    </ClInclude>
    <ClInclude Include="Observer.h">
      <Filter>Source Files</Filter>
    </ClInclude>
    <ClInclude Include="TableModel.h">
      <Filter>Source Files</Filter>
    </ClInclude>
    <ClInclude Include="ListModel.h">
      <Filter>Source Files</Filter>
    </ClInclude>
  </ItemGroup>
</Project>